// !$*UTF8*$!
{
	archiveVersion = 1;
	classes = {
	};
	objectVersion = 46;
	objects = {

/* Begin PBXBuildFile section */
<<<<<<< HEAD
		3A2426591C9541E1004D42D9 /* homeTableViewCell.swift in Sources */ = {isa = PBXBuildFile; fileRef = 3A2426581C9541E1004D42D9 /* homeTableViewCell.swift */; };
		3A24265B1C954243004D42D9 /* userData.swift in Sources */ = {isa = PBXBuildFile; fileRef = 3A24265A1C954243004D42D9 /* userData.swift */; };
		3A24265D1C95428E004D42D9 /* Login.swift in Sources */ = {isa = PBXBuildFile; fileRef = 3A24265C1C95428E004D42D9 /* Login.swift */; };
		3A24265F1C9542BB004D42D9 /* Email.swift in Sources */ = {isa = PBXBuildFile; fileRef = 3A24265E1C9542BB004D42D9 /* Email.swift */; };
		3A2426611C9542E8004D42D9 /* SignUp.swift in Sources */ = {isa = PBXBuildFile; fileRef = 3A2426601C9542E8004D42D9 /* SignUp.swift */; };
		3A2426631C954306004D42D9 /* Home.swift in Sources */ = {isa = PBXBuildFile; fileRef = 3A2426621C954306004D42D9 /* Home.swift */; };
		3A2426671C95434F004D42D9 /* Profile.swift in Sources */ = {isa = PBXBuildFile; fileRef = 3A2426661C95434F004D42D9 /* Profile.swift */; };
		3A2426691C9543AF004D42D9 /* Filter.swift in Sources */ = {isa = PBXBuildFile; fileRef = 3A2426681C9543AF004D42D9 /* Filter.swift */; };
		3A24266D1C954409004D42D9 /* customizeTabBar.swift in Sources */ = {isa = PBXBuildFile; fileRef = 3A24266C1C954409004D42D9 /* customizeTabBar.swift */; };
=======
>>>>>>> master
		3A3EDFB01C71305F0028F6F5 /* AppDelegate.swift in Sources */ = {isa = PBXBuildFile; fileRef = 3A3EDFAF1C71305F0028F6F5 /* AppDelegate.swift */; };
		3A3EDFB21C71305F0028F6F5 /* ViewController.swift in Sources */ = {isa = PBXBuildFile; fileRef = 3A3EDFB11C71305F0028F6F5 /* ViewController.swift */; };
		3A3EDFB51C71305F0028F6F5 /* Main.storyboard in Resources */ = {isa = PBXBuildFile; fileRef = 3A3EDFB31C71305F0028F6F5 /* Main.storyboard */; };
		3A3EDFB71C71305F0028F6F5 /* Assets.xcassets in Resources */ = {isa = PBXBuildFile; fileRef = 3A3EDFB61C71305F0028F6F5 /* Assets.xcassets */; };
		3A3EDFBA1C71305F0028F6F5 /* LaunchScreen.storyboard in Resources */ = {isa = PBXBuildFile; fileRef = 3A3EDFB81C71305F0028F6F5 /* LaunchScreen.storyboard */; };
<<<<<<< HEAD
		3A4040701C9568460012E952 /* navContributeController.swift in Sources */ = {isa = PBXBuildFile; fileRef = 3A40406F1C9568460012E952 /* navContributeController.swift */; };
		3A4040721C956EB20012E952 /* testingViewController.swift in Sources */ = {isa = PBXBuildFile; fileRef = 3A4040711C956EB20012E952 /* testingViewController.swift */; };
		3A4040751C9631450012E952 /* selectPhoto.swift in Sources */ = {isa = PBXBuildFile; fileRef = 3A4040741C9631450012E952 /* selectPhoto.swift */; };
		3A4040771C9631930012E952 /* ViewPhoto.swift in Sources */ = {isa = PBXBuildFile; fileRef = 3A4040761C9631930012E952 /* ViewPhoto.swift */; };
		3A4040791C9631C30012E952 /* PhotoThumbnail.swift in Sources */ = {isa = PBXBuildFile; fileRef = 3A4040781C9631C30012E952 /* PhotoThumbnail.swift */; };
		3A40407B1C9671BD0012E952 /* Photos.framework in Frameworks */ = {isa = PBXBuildFile; fileRef = 3A40407A1C9671BD0012E952 /* Photos.framework */; };
		3AC39B141C9554D0007817E1 /* .gitignore in Resources */ = {isa = PBXBuildFile; fileRef = 3AC39B131C9554D0007817E1 /* .gitignore */; };
		767C9265E9E47C49B3211867 /* Pods_tesDrop.framework in Frameworks */ = {isa = PBXBuildFile; fileRef = ED8D1C1772DBED1DF8C84175 /* Pods_tesDrop.framework */; };
/* End PBXBuildFile section */

/* Begin PBXFileReference section */
		3A2426581C9541E1004D42D9 /* homeTableViewCell.swift */ = {isa = PBXFileReference; fileEncoding = 4; lastKnownFileType = sourcecode.swift; path = homeTableViewCell.swift; sourceTree = "<group>"; };
		3A24265A1C954243004D42D9 /* userData.swift */ = {isa = PBXFileReference; fileEncoding = 4; lastKnownFileType = sourcecode.swift; path = userData.swift; sourceTree = "<group>"; };
		3A24265C1C95428E004D42D9 /* Login.swift */ = {isa = PBXFileReference; fileEncoding = 4; lastKnownFileType = sourcecode.swift; path = Login.swift; sourceTree = "<group>"; };
		3A24265E1C9542BB004D42D9 /* Email.swift */ = {isa = PBXFileReference; fileEncoding = 4; lastKnownFileType = sourcecode.swift; path = Email.swift; sourceTree = "<group>"; };
		3A2426601C9542E8004D42D9 /* SignUp.swift */ = {isa = PBXFileReference; fileEncoding = 4; lastKnownFileType = sourcecode.swift; path = SignUp.swift; sourceTree = "<group>"; };
		3A2426621C954306004D42D9 /* Home.swift */ = {isa = PBXFileReference; fileEncoding = 4; lastKnownFileType = sourcecode.swift; path = Home.swift; sourceTree = "<group>"; };
		3A2426661C95434F004D42D9 /* Profile.swift */ = {isa = PBXFileReference; fileEncoding = 4; lastKnownFileType = sourcecode.swift; path = Profile.swift; sourceTree = "<group>"; };
		3A2426681C9543AF004D42D9 /* Filter.swift */ = {isa = PBXFileReference; fileEncoding = 4; lastKnownFileType = sourcecode.swift; path = Filter.swift; sourceTree = "<group>"; };
		3A24266C1C954409004D42D9 /* customizeTabBar.swift */ = {isa = PBXFileReference; fileEncoding = 4; lastKnownFileType = sourcecode.swift; path = customizeTabBar.swift; sourceTree = "<group>"; };
=======
/* End PBXBuildFile section */

/* Begin PBXFileReference section */
>>>>>>> master
		3A3EDFAC1C71305F0028F6F5 /* tesDrop.app */ = {isa = PBXFileReference; explicitFileType = wrapper.application; includeInIndex = 0; path = tesDrop.app; sourceTree = BUILT_PRODUCTS_DIR; };
		3A3EDFAF1C71305F0028F6F5 /* AppDelegate.swift */ = {isa = PBXFileReference; lastKnownFileType = sourcecode.swift; path = AppDelegate.swift; sourceTree = "<group>"; };
		3A3EDFB11C71305F0028F6F5 /* ViewController.swift */ = {isa = PBXFileReference; lastKnownFileType = sourcecode.swift; path = ViewController.swift; sourceTree = "<group>"; };
		3A3EDFB41C71305F0028F6F5 /* Base */ = {isa = PBXFileReference; lastKnownFileType = file.storyboard; name = Base; path = Base.lproj/Main.storyboard; sourceTree = "<group>"; };
		3A3EDFB61C71305F0028F6F5 /* Assets.xcassets */ = {isa = PBXFileReference; lastKnownFileType = folder.assetcatalog; path = Assets.xcassets; sourceTree = "<group>"; };
		3A3EDFB91C71305F0028F6F5 /* Base */ = {isa = PBXFileReference; lastKnownFileType = file.storyboard; name = Base; path = Base.lproj/LaunchScreen.storyboard; sourceTree = "<group>"; };
		3A3EDFBB1C71305F0028F6F5 /* Info.plist */ = {isa = PBXFileReference; lastKnownFileType = text.plist.xml; path = Info.plist; sourceTree = "<group>"; };
<<<<<<< HEAD
		3A40406F1C9568460012E952 /* navContributeController.swift */ = {isa = PBXFileReference; fileEncoding = 4; lastKnownFileType = sourcecode.swift; path = navContributeController.swift; sourceTree = "<group>"; };
		3A4040711C956EB20012E952 /* testingViewController.swift */ = {isa = PBXFileReference; fileEncoding = 4; lastKnownFileType = sourcecode.swift; path = testingViewController.swift; sourceTree = "<group>"; };
		3A4040741C9631450012E952 /* selectPhoto.swift */ = {isa = PBXFileReference; fileEncoding = 4; lastKnownFileType = sourcecode.swift; path = selectPhoto.swift; sourceTree = "<group>"; };
		3A4040761C9631930012E952 /* ViewPhoto.swift */ = {isa = PBXFileReference; fileEncoding = 4; lastKnownFileType = sourcecode.swift; path = ViewPhoto.swift; sourceTree = "<group>"; };
		3A4040781C9631C30012E952 /* PhotoThumbnail.swift */ = {isa = PBXFileReference; fileEncoding = 4; lastKnownFileType = sourcecode.swift; path = PhotoThumbnail.swift; sourceTree = "<group>"; };
		3A40407A1C9671BD0012E952 /* Photos.framework */ = {isa = PBXFileReference; lastKnownFileType = wrapper.framework; name = Photos.framework; path = System/Library/Frameworks/Photos.framework; sourceTree = SDKROOT; };
		3AC39B131C9554D0007817E1 /* .gitignore */ = {isa = PBXFileReference; fileEncoding = 4; lastKnownFileType = text; path = .gitignore; sourceTree = "<group>"; };
		7CFF9810A9DD2F63B56310A2 /* Pods-tesDrop.release.xcconfig */ = {isa = PBXFileReference; includeInIndex = 1; lastKnownFileType = text.xcconfig; name = "Pods-tesDrop.release.xcconfig"; path = "Pods/Target Support Files/Pods-tesDrop/Pods-tesDrop.release.xcconfig"; sourceTree = "<group>"; };
		A0B7F9D761315371A960D308 /* Pods-tesDrop.debug.xcconfig */ = {isa = PBXFileReference; includeInIndex = 1; lastKnownFileType = text.xcconfig; name = "Pods-tesDrop.debug.xcconfig"; path = "Pods/Target Support Files/Pods-tesDrop/Pods-tesDrop.debug.xcconfig"; sourceTree = "<group>"; };
		ED8D1C1772DBED1DF8C84175 /* Pods_tesDrop.framework */ = {isa = PBXFileReference; explicitFileType = wrapper.framework; includeInIndex = 0; path = Pods_tesDrop.framework; sourceTree = BUILT_PRODUCTS_DIR; };
=======
>>>>>>> master
/* End PBXFileReference section */

/* Begin PBXFrameworksBuildPhase section */
		3A3EDFA91C71305F0028F6F5 /* Frameworks */ = {
			isa = PBXFrameworksBuildPhase;
			buildActionMask = 2147483647;
			files = (
<<<<<<< HEAD
				3A40407B1C9671BD0012E952 /* Photos.framework in Frameworks */,
				767C9265E9E47C49B3211867 /* Pods_tesDrop.framework in Frameworks */,
=======
>>>>>>> master
			);
			runOnlyForDeploymentPostprocessing = 0;
		};
/* End PBXFrameworksBuildPhase section */

/* Begin PBXGroup section */
<<<<<<< HEAD
		3A2426541C954167004D42D9 /* Cell */ = {
			isa = PBXGroup;
			children = (
				3A2426581C9541E1004D42D9 /* homeTableViewCell.swift */,
			);
			name = Cell;
			sourceTree = "<group>";
		};
		3A2426551C95416C004D42D9 /* ViewControllers */ = {
			isa = PBXGroup;
			children = (
				3A4040731C9631200012E952 /* Photos Selection */,
				3A24266F1C9547B6004D42D9 /* Visual Design */,
				3A24266E1C95479A004D42D9 /* Login/SignUp */,
				3A2426701C9547E0004D42D9 /* Upload */,
				3A2426621C954306004D42D9 /* Home.swift */,
				3A2426661C95434F004D42D9 /* Profile.swift */,
			);
			name = ViewControllers;
			sourceTree = "<group>";
		};
		3A2426561C954181004D42D9 /* Model */ = {
			isa = PBXGroup;
			children = (
				3A24265A1C954243004D42D9 /* userData.swift */,
			);
			name = Model;
			sourceTree = "<group>";
		};
		3A2426571C954192004D42D9 /* Other */ = {
			isa = PBXGroup;
			children = (
				3A3EDFB81C71305F0028F6F5 /* LaunchScreen.storyboard */,
				3A3EDFBB1C71305F0028F6F5 /* Info.plist */,
				3AC39B131C9554D0007817E1 /* .gitignore */,
			);
			name = Other;
			sourceTree = "<group>";
		};
		3A24266E1C95479A004D42D9 /* Login/SignUp */ = {
			isa = PBXGroup;
			children = (
				3A24265C1C95428E004D42D9 /* Login.swift */,
				3A24265E1C9542BB004D42D9 /* Email.swift */,
				3A2426601C9542E8004D42D9 /* SignUp.swift */,
			);
			name = Login/SignUp;
			sourceTree = "<group>";
		};
		3A24266F1C9547B6004D42D9 /* Visual Design */ = {
			isa = PBXGroup;
			children = (
				3A24266C1C954409004D42D9 /* customizeTabBar.swift */,
				3A40406F1C9568460012E952 /* navContributeController.swift */,
				3A4040711C956EB20012E952 /* testingViewController.swift */,
			);
			name = "Visual Design";
			sourceTree = "<group>";
		};
		3A2426701C9547E0004D42D9 /* Upload */ = {
			isa = PBXGroup;
			children = (
				3A2426681C9543AF004D42D9 /* Filter.swift */,
			);
			name = Upload;
			sourceTree = "<group>";
		};
=======
>>>>>>> master
		3A3EDFA31C71305F0028F6F5 = {
			isa = PBXGroup;
			children = (
				3A3EDFAE1C71305F0028F6F5 /* tesDrop */,
				3A3EDFAD1C71305F0028F6F5 /* Products */,
			);
			sourceTree = "<group>";
		};
		3A3EDFAD1C71305F0028F6F5 /* Products */ = {
			isa = PBXGroup;
			children = (
				3A3EDFAC1C71305F0028F6F5 /* tesDrop.app */,
			);
			name = Products;
			sourceTree = "<group>";
		};
		3A3EDFAE1C71305F0028F6F5 /* tesDrop */ = {
			isa = PBXGroup;
			children = (
				3A3EDFAF1C71305F0028F6F5 /* AppDelegate.swift */,
				3A3EDFB11C71305F0028F6F5 /* ViewController.swift */,
				3A3EDFB31C71305F0028F6F5 /* Main.storyboard */,
				3A3EDFB61C71305F0028F6F5 /* Assets.xcassets */,
				3A3EDFB81C71305F0028F6F5 /* LaunchScreen.storyboard */,
				3A3EDFBB1C71305F0028F6F5 /* Info.plist */,
			);
			path = tesDrop;
			sourceTree = "<group>";
		};
<<<<<<< HEAD
		3A4040731C9631200012E952 /* Photos Selection */ = {
			isa = PBXGroup;
			children = (
				3A4040741C9631450012E952 /* selectPhoto.swift */,
				3A4040761C9631930012E952 /* ViewPhoto.swift */,
				3A4040781C9631C30012E952 /* PhotoThumbnail.swift */,
			);
			name = "Photos Selection";
			sourceTree = "<group>";
		};
		80F13D99498E2B072BB7172A /* Pods */ = {
			isa = PBXGroup;
			children = (
				A0B7F9D761315371A960D308 /* Pods-tesDrop.debug.xcconfig */,
				7CFF9810A9DD2F63B56310A2 /* Pods-tesDrop.release.xcconfig */,
			);
			name = Pods;
			sourceTree = "<group>";
		};
		9AFCC835539C48CA70887E11 /* Frameworks */ = {
			isa = PBXGroup;
			children = (
				3A40407A1C9671BD0012E952 /* Photos.framework */,
				ED8D1C1772DBED1DF8C84175 /* Pods_tesDrop.framework */,
			);
			name = Frameworks;
			sourceTree = "<group>";
		};
=======
>>>>>>> master
/* End PBXGroup section */

/* Begin PBXNativeTarget section */
		3A3EDFAB1C71305F0028F6F5 /* tesDrop */ = {
			isa = PBXNativeTarget;
			buildConfigurationList = 3A3EDFBE1C71305F0028F6F5 /* Build configuration list for PBXNativeTarget "tesDrop" */;
			buildPhases = (
				3A3EDFA81C71305F0028F6F5 /* Sources */,
				3A3EDFA91C71305F0028F6F5 /* Frameworks */,
				3A3EDFAA1C71305F0028F6F5 /* Resources */,
			);
			buildRules = (
			);
			dependencies = (
			);
			name = tesDrop;
			productName = tesDrop;
			productReference = 3A3EDFAC1C71305F0028F6F5 /* tesDrop.app */;
			productType = "com.apple.product-type.application";
		};
/* End PBXNativeTarget section */

/* Begin PBXProject section */
		3A3EDFA41C71305F0028F6F5 /* Project object */ = {
			isa = PBXProject;
			attributes = {
				LastSwiftUpdateCheck = 0720;
				LastUpgradeCheck = 0720;
				ORGANIZATIONNAME = "Zhipeng Mei";
				TargetAttributes = {
					3A3EDFAB1C71305F0028F6F5 = {
						CreatedOnToolsVersion = 7.2.1;
						DevelopmentTeam = V5KYEP5U7A;
					};
				};
			};
			buildConfigurationList = 3A3EDFA71C71305F0028F6F5 /* Build configuration list for PBXProject "tesDrop" */;
			compatibilityVersion = "Xcode 3.2";
			developmentRegion = English;
			hasScannedForEncodings = 0;
			knownRegions = (
				en,
				Base,
			);
			mainGroup = 3A3EDFA31C71305F0028F6F5;
			productRefGroup = 3A3EDFAD1C71305F0028F6F5 /* Products */;
			projectDirPath = "";
			projectRoot = "";
			targets = (
				3A3EDFAB1C71305F0028F6F5 /* tesDrop */,
			);
		};
/* End PBXProject section */

/* Begin PBXResourcesBuildPhase section */
		3A3EDFAA1C71305F0028F6F5 /* Resources */ = {
			isa = PBXResourcesBuildPhase;
			buildActionMask = 2147483647;
			files = (
				3AC39B141C9554D0007817E1 /* .gitignore in Resources */,
				3A3EDFBA1C71305F0028F6F5 /* LaunchScreen.storyboard in Resources */,
				3A3EDFB71C71305F0028F6F5 /* Assets.xcassets in Resources */,
				3A3EDFB51C71305F0028F6F5 /* Main.storyboard in Resources */,
			);
			runOnlyForDeploymentPostprocessing = 0;
		};
/* End PBXResourcesBuildPhase section */

/* Begin PBXSourcesBuildPhase section */
		3A3EDFA81C71305F0028F6F5 /* Sources */ = {
			isa = PBXSourcesBuildPhase;
			buildActionMask = 2147483647;
			files = (
<<<<<<< HEAD
				3A2426591C9541E1004D42D9 /* homeTableViewCell.swift in Sources */,
				3A2426691C9543AF004D42D9 /* Filter.swift in Sources */,
				3A2426611C9542E8004D42D9 /* SignUp.swift in Sources */,
				3A4040701C9568460012E952 /* navContributeController.swift in Sources */,
				3A4040721C956EB20012E952 /* testingViewController.swift in Sources */,
				3A24265F1C9542BB004D42D9 /* Email.swift in Sources */,
				3A4040771C9631930012E952 /* ViewPhoto.swift in Sources */,
				3A3EDFB01C71305F0028F6F5 /* AppDelegate.swift in Sources */,
				3A24265B1C954243004D42D9 /* userData.swift in Sources */,
				3A24266D1C954409004D42D9 /* customizeTabBar.swift in Sources */,
				3A4040751C9631450012E952 /* selectPhoto.swift in Sources */,
				3A24265D1C95428E004D42D9 /* Login.swift in Sources */,
				3A4040791C9631C30012E952 /* PhotoThumbnail.swift in Sources */,
				3A2426671C95434F004D42D9 /* Profile.swift in Sources */,
				3A2426631C954306004D42D9 /* Home.swift in Sources */,
=======
				3A3EDFB21C71305F0028F6F5 /* ViewController.swift in Sources */,
				3A3EDFB01C71305F0028F6F5 /* AppDelegate.swift in Sources */,
>>>>>>> master
			);
			runOnlyForDeploymentPostprocessing = 0;
		};
/* End PBXSourcesBuildPhase section */

/* Begin PBXVariantGroup section */
		3A3EDFB31C71305F0028F6F5 /* Main.storyboard */ = {
			isa = PBXVariantGroup;
			children = (
				3A3EDFB41C71305F0028F6F5 /* Base */,
			);
			name = Main.storyboard;
			sourceTree = "<group>";
		};
		3A3EDFB81C71305F0028F6F5 /* LaunchScreen.storyboard */ = {
			isa = PBXVariantGroup;
			children = (
				3A3EDFB91C71305F0028F6F5 /* Base */,
			);
			name = LaunchScreen.storyboard;
			sourceTree = "<group>";
		};
/* End PBXVariantGroup section */

/* Begin XCBuildConfiguration section */
		3A3EDFBC1C71305F0028F6F5 /* Debug */ = {
			isa = XCBuildConfiguration;
			buildSettings = {
				ALWAYS_SEARCH_USER_PATHS = NO;
				CLANG_CXX_LANGUAGE_STANDARD = "gnu++0x";
				CLANG_CXX_LIBRARY = "libc++";
				CLANG_ENABLE_MODULES = YES;
				CLANG_ENABLE_OBJC_ARC = YES;
				CLANG_WARN_BOOL_CONVERSION = YES;
				CLANG_WARN_CONSTANT_CONVERSION = YES;
				CLANG_WARN_DIRECT_OBJC_ISA_USAGE = YES_ERROR;
				CLANG_WARN_EMPTY_BODY = YES;
				CLANG_WARN_ENUM_CONVERSION = YES;
				CLANG_WARN_INT_CONVERSION = YES;
				CLANG_WARN_OBJC_ROOT_CLASS = YES_ERROR;
				CLANG_WARN_UNREACHABLE_CODE = YES;
				CLANG_WARN__DUPLICATE_METHOD_MATCH = YES;
				"CODE_SIGN_IDENTITY[sdk=iphoneos*]" = "iPhone Developer";
				COPY_PHASE_STRIP = NO;
				DEBUG_INFORMATION_FORMAT = dwarf;
				ENABLE_STRICT_OBJC_MSGSEND = YES;
				ENABLE_TESTABILITY = YES;
				GCC_C_LANGUAGE_STANDARD = gnu99;
				GCC_DYNAMIC_NO_PIC = NO;
				GCC_NO_COMMON_BLOCKS = YES;
				GCC_OPTIMIZATION_LEVEL = 0;
				GCC_PREPROCESSOR_DEFINITIONS = (
					"DEBUG=1",
					"$(inherited)",
				);
				GCC_WARN_64_TO_32_BIT_CONVERSION = YES;
				GCC_WARN_ABOUT_RETURN_TYPE = YES_ERROR;
				GCC_WARN_UNDECLARED_SELECTOR = YES;
				GCC_WARN_UNINITIALIZED_AUTOS = YES_AGGRESSIVE;
				GCC_WARN_UNUSED_FUNCTION = YES;
				GCC_WARN_UNUSED_VARIABLE = YES;
				IPHONEOS_DEPLOYMENT_TARGET = 9.2;
				MTL_ENABLE_DEBUG_INFO = YES;
				ONLY_ACTIVE_ARCH = YES;
				SDKROOT = iphoneos;
				SWIFT_OPTIMIZATION_LEVEL = "-Onone";
				TARGETED_DEVICE_FAMILY = "1,2";
			};
			name = Debug;
		};
		3A3EDFBD1C71305F0028F6F5 /* Release */ = {
			isa = XCBuildConfiguration;
			buildSettings = {
				ALWAYS_SEARCH_USER_PATHS = NO;
				CLANG_CXX_LANGUAGE_STANDARD = "gnu++0x";
				CLANG_CXX_LIBRARY = "libc++";
				CLANG_ENABLE_MODULES = YES;
				CLANG_ENABLE_OBJC_ARC = YES;
				CLANG_WARN_BOOL_CONVERSION = YES;
				CLANG_WARN_CONSTANT_CONVERSION = YES;
				CLANG_WARN_DIRECT_OBJC_ISA_USAGE = YES_ERROR;
				CLANG_WARN_EMPTY_BODY = YES;
				CLANG_WARN_ENUM_CONVERSION = YES;
				CLANG_WARN_INT_CONVERSION = YES;
				CLANG_WARN_OBJC_ROOT_CLASS = YES_ERROR;
				CLANG_WARN_UNREACHABLE_CODE = YES;
				CLANG_WARN__DUPLICATE_METHOD_MATCH = YES;
				"CODE_SIGN_IDENTITY[sdk=iphoneos*]" = "iPhone Developer";
				COPY_PHASE_STRIP = NO;
				DEBUG_INFORMATION_FORMAT = "dwarf-with-dsym";
				ENABLE_NS_ASSERTIONS = NO;
				ENABLE_STRICT_OBJC_MSGSEND = YES;
				GCC_C_LANGUAGE_STANDARD = gnu99;
				GCC_NO_COMMON_BLOCKS = YES;
				GCC_WARN_64_TO_32_BIT_CONVERSION = YES;
				GCC_WARN_ABOUT_RETURN_TYPE = YES_ERROR;
				GCC_WARN_UNDECLARED_SELECTOR = YES;
				GCC_WARN_UNINITIALIZED_AUTOS = YES_AGGRESSIVE;
				GCC_WARN_UNUSED_FUNCTION = YES;
				GCC_WARN_UNUSED_VARIABLE = YES;
				IPHONEOS_DEPLOYMENT_TARGET = 9.2;
				MTL_ENABLE_DEBUG_INFO = NO;
				SDKROOT = iphoneos;
				TARGETED_DEVICE_FAMILY = "1,2";
				VALIDATE_PRODUCT = YES;
			};
			name = Release;
		};
		3A3EDFBF1C71305F0028F6F5 /* Debug */ = {
			isa = XCBuildConfiguration;
			buildSettings = {
				ASSETCATALOG_COMPILER_APPICON_NAME = AppIcon;
				INFOPLIST_FILE = tesDrop/Info.plist;
				LD_RUNPATH_SEARCH_PATHS = "$(inherited) @executable_path/Frameworks";
				PRODUCT_BUNDLE_IDENTIFIER = com.malemotive.tesDrop;
				PRODUCT_NAME = "$(TARGET_NAME)";
			};
			name = Debug;
		};
		3A3EDFC01C71305F0028F6F5 /* Release */ = {
			isa = XCBuildConfiguration;
			buildSettings = {
				ASSETCATALOG_COMPILER_APPICON_NAME = AppIcon;
				INFOPLIST_FILE = tesDrop/Info.plist;
				LD_RUNPATH_SEARCH_PATHS = "$(inherited) @executable_path/Frameworks";
				PRODUCT_BUNDLE_IDENTIFIER = com.malemotive.tesDrop;
				PRODUCT_NAME = "$(TARGET_NAME)";
			};
			name = Release;
		};
/* End XCBuildConfiguration section */

/* Begin XCConfigurationList section */
		3A3EDFA71C71305F0028F6F5 /* Build configuration list for PBXProject "tesDrop" */ = {
			isa = XCConfigurationList;
			buildConfigurations = (
				3A3EDFBC1C71305F0028F6F5 /* Debug */,
				3A3EDFBD1C71305F0028F6F5 /* Release */,
			);
			defaultConfigurationIsVisible = 0;
			defaultConfigurationName = Release;
		};
		3A3EDFBE1C71305F0028F6F5 /* Build configuration list for PBXNativeTarget "tesDrop" */ = {
			isa = XCConfigurationList;
			buildConfigurations = (
				3A3EDFBF1C71305F0028F6F5 /* Debug */,
				3A3EDFC01C71305F0028F6F5 /* Release */,
			);
			defaultConfigurationIsVisible = 0;
		};
/* End XCConfigurationList section */
	};
	rootObject = 3A3EDFA41C71305F0028F6F5 /* Project object */;
}
